
Microsoft Visual Studio Solution File, Format Version 12.00
# Visual Studio Version 17
VisualStudioVersion = 17.3.32825.248
MinimumVisualStudioVersion = 10.0.40219.1
Project("{FAE04EC0-301F-11D3-BF4B-00C04F79EFBC}") = "N4", "N4\N4.csproj", "{C9B90209-D62D-4E48-A0B8-4A5C178119B0}"
EndProject
Global
	GlobalSection(SolutionConfigurationPlatforms) = preSolution
		Debug|Any CPU = Debug|Any CPU
		Release|Any CPU = Release|Any CPU
	EndGlobalSection
	GlobalSection(ProjectConfigurationPlatforms) = postSolution
		{C9B90209-D62D-4E48-A0B8-4A5C178119B0}.Debug|Any CPU.ActiveCfg = Debug|Any CPU
		{C9B90209-D62D-4E48-A0B8-4A5C178119B0}.Debug|Any CPU.Build.0 = Debug|Any CPU
		{C9B90209-D62D-4E48-A0B8-4A5C178119B0}.Release|Any CPU.ActiveCfg = Release|Any CPU
		{C9B90209-D62D-4E48-A0B8-4A5C178119B0}.Release|Any CPU.Build.0 = Release|Any CPU
	EndGlobalSection
	GlobalSection(SolutionProperties) = preSolution
		HideSolutionNode = FALSE
	EndGlobalSection
	GlobalSection(ExtensibilityGlobals) = postSolution
		SolutionGuid = {4DCC2D80-0F87-4F83-84D5-2797EE532DB7}
	EndGlobalSection
EndGlobal
